
Microsoft Visual Studio Solution File, Format Version 12.00
# Visual Studio Version 17
VisualStudioVersion = 17.11.35219.272
MinimumVisualStudioVersion = 10.0.40219.1
Project("{FAE04EC0-301F-11D3-BF4B-00C04F79EFBC}") = "CourseHub", "CourseHub\CourseHub.csproj", "{B3D8D602-529E-4CDF-B734-03C306F32BC8}"
EndProject
Global
	GlobalSection(SolutionConfigurationPlatforms) = preSolution
		Debug|Any CPU = Debug|Any CPU
		Release|Any CPU = Release|Any CPU
	EndGlobalSection
	GlobalSection(ProjectConfigurationPlatforms) = postSolution
		{B3D8D602-529E-4CDF-B734-03C306F32BC8}.Debug|Any CPU.ActiveCfg = Debug|Any CPU
		{B3D8D602-529E-4CDF-B734-03C306F32BC8}.Debug|Any CPU.Build.0 = Debug|Any CPU
		{B3D8D602-529E-4CDF-B734-03C306F32BC8}.Release|Any CPU.ActiveCfg = Release|Any CPU
		{B3D8D602-529E-4CDF-B734-03C306F32BC8}.Release|Any CPU.Build.0 = Release|Any CPU
	EndGlobalSection
	GlobalSection(SolutionProperties) = preSolution
		HideSolutionNode = FALSE
	EndGlobalSection
	GlobalSection(ExtensibilityGlobals) = postSolution
		SolutionGuid = {43D3A8FF-2226-4C49-A628-969F7E7CE1CF}
	EndGlobalSection
EndGlobal
